
Microsoft Visual Studio Solution File, Format Version 12.00
# Visual Studio 14
VisualStudioVersion = 14.0.23107.0
MinimumVisualStudioVersion = 10.0.40219.1
Project("{2150E333-8FDC-42A3-9474-1A3956D46DE8}") = "src", "src", "{03205C61-AB18-4998-8AA5-348FD33CCFEA}"
EndProject
Project("{2150E333-8FDC-42A3-9474-1A3956D46DE8}") = "Solution Items", "Solution Items", "{3921BE69-2C6F-428A-B47D-1A79470DBC09}"
	ProjectSection(SolutionItems) = preProject
		global.json = global.json
		NuGet.Config = NuGet.Config
	EndProjectSection
EndProject
Project("{8BB2217D-0F2D-49D1-97BC-3654ED321F3B}") = "SentimentalWeb", "src\SentimentalWeb\SentimentalWeb.xproj", "{AA06DB8E-F20F-46FB-88FC-6C925886B71F}"
EndProject
Global
	GlobalSection(SolutionConfigurationPlatforms) = preSolution
		Debug|Any CPU = Debug|Any CPU
		Release|Any CPU = Release|Any CPU
	EndGlobalSection
	GlobalSection(ProjectConfigurationPlatforms) = postSolution
		{AA06DB8E-F20F-46FB-88FC-6C925886B71F}.Debug|Any CPU.ActiveCfg = Debug|Any CPU
		{AA06DB8E-F20F-46FB-88FC-6C925886B71F}.Debug|Any CPU.Build.0 = Debug|Any CPU
		{AA06DB8E-F20F-46FB-88FC-6C925886B71F}.Release|Any CPU.ActiveCfg = Release|Any CPU
		{AA06DB8E-F20F-46FB-88FC-6C925886B71F}.Release|Any CPU.Build.0 = Release|Any CPU
	EndGlobalSection
	GlobalSection(SolutionProperties) = preSolution
		HideSolutionNode = FALSE
	EndGlobalSection
	GlobalSection(NestedProjects) = preSolution
		{AA06DB8E-F20F-46FB-88FC-6C925886B71F} = {03205C61-AB18-4998-8AA5-348FD33CCFEA}
	EndGlobalSection
EndGlobal
